
Microsoft Visual Studio Solution File, Format Version 12.00
# Visual Studio 15
VisualStudioVersion = 15.0.28307.489
MinimumVisualStudioVersion = 10.0.40219.1
Project("{FAE04EC0-301F-11D3-BF4B-00C04F79EFBC}") = "DesktopTelegramBot", "DesktopTelegramBot\DesktopTelegramBot.csproj", "{C5BAFB59-C367-442B-90DB-84C2061B93C7}"
EndProject
Project("{2150E333-8FDC-42A3-9474-1A3956D46DE8}") = "Solution Items", "Solution Items", "{52C34F62-FFC3-451C-89C9-2C3035442ED1}"
	ProjectSection(SolutionItems) = preProject
		Proxy.txt = Proxy.txt
		Version.cs = Version.cs
	EndProjectSection
EndProject
Global
	GlobalSection(SolutionConfigurationPlatforms) = preSolution
		Debug|Any CPU = Debug|Any CPU
		Release|Any CPU = Release|Any CPU
	EndGlobalSection
	GlobalSection(ProjectConfigurationPlatforms) = postSolution
		{C5BAFB59-C367-442B-90DB-84C2061B93C7}.Debug|Any CPU.ActiveCfg = Debug|Any CPU
		{C5BAFB59-C367-442B-90DB-84C2061B93C7}.Debug|Any CPU.Build.0 = Debug|Any CPU
		{C5BAFB59-C367-442B-90DB-84C2061B93C7}.Release|Any CPU.ActiveCfg = Release|Any CPU
		{C5BAFB59-C367-442B-90DB-84C2061B93C7}.Release|Any CPU.Build.0 = Release|Any CPU
	EndGlobalSection
	GlobalSection(SolutionProperties) = preSolution
		HideSolutionNode = FALSE
	EndGlobalSection
	GlobalSection(ExtensibilityGlobals) = postSolution
		SolutionGuid = {0C58F71E-A697-40AF-AAE7-A39561EE42BD}
	EndGlobalSection
EndGlobal
